
Microsoft Visual Studio Solution File, Format Version 12.00
# Visual Studio Version 17
VisualStudioVersion = 17.7.34202.233
MinimumVisualStudioVersion = 10.0.40219.1
Project("{FAE04EC0-301F-11D3-BF4B-00C04F79EFBC}") = "wth", "wth.csproj", "{AC05A99E-FFD8-41C1-955E-A653D182F9EE}"
EndProject
Global
	GlobalSection(SolutionConfigurationPlatforms) = preSolution
		Debug|Any CPU = Debug|Any CPU
		Release|Any CPU = Release|Any CPU
	EndGlobalSection
	GlobalSection(ProjectConfigurationPlatforms) = postSolution
		{AC05A99E-FFD8-41C1-955E-A653D182F9EE}.Debug|Any CPU.ActiveCfg = Debug|Any CPU
		{AC05A99E-FFD8-41C1-955E-A653D182F9EE}.Debug|Any CPU.Build.0 = Debug|Any CPU
		{AC05A99E-FFD8-41C1-955E-A653D182F9EE}.Release|Any CPU.ActiveCfg = Release|Any CPU
		{AC05A99E-FFD8-41C1-955E-A653D182F9EE}.Release|Any CPU.Build.0 = Release|Any CPU
	EndGlobalSection
	GlobalSection(SolutionProperties) = preSolution
		HideSolutionNode = FALSE
	EndGlobalSection
	GlobalSection(ExtensibilityGlobals) = postSolution
		SolutionGuid = {81BC675D-2B89-48F2-BC97-64B4756F2649}
	EndGlobalSection
EndGlobal
